<?xml version="1.0" encoding="utf-8"?>
<Project ToolsVersion="4.0" xmlns="http://schemas.microsoft.com/developer/msbuild/2003">
  <ItemGroup>
    <Filter Include="Source Files">
      <UniqueIdentifier>{4FC737F1-C7A5-4376-A066-2A32D752A2FF}</UniqueIdentifier>
      <Extensions>cpp;c;cc;cxx;def;odl;idl;hpj;bat;asm;asmx</Extensions>
    </Filter>
    <Filter Include="Header Files">
      <UniqueIdentifier>{93995380-89BD-4b04-88EB-625FBE52EBFB}</UniqueIdentifier>
      <Extensions>h;hpp;hxx;hm;inl;inc;xsd</Extensions>
    </Filter>
    <Filter Include="Docs">
      <UniqueIdentifier>{67DA6AB6-F800-4c08-8B7A-83BB121AAD01}</UniqueIdentifier>
      <Extensions>rc;ico;cur;bmp;dlg;rc2;rct;bin;rgs;gif;jpg;jpeg;jpe;resx;tiff;tif;png;wav</Extensions>
    </Filter>
  </ItemGroup>
  <ItemGroup>
    <ClCompile Include="..\pthreads\attr.c">
      <Filter>Source Files</Filter>
    </ClCompile>
    <ClCompile Include="..\pthreads\barrier.c">
      <Filter>Source Files</Filter>
    </ClCompile>
    <ClCompile Include="..\pthreads\cancel.c">
      <Filter>Source Files</Filter>
    </ClCompile>
    <ClCompile Include="..\pthreads\cleanup.c">
      <Filter>Source Files</Filter>
    </ClCompile>
    <ClCompile Include="..\pthreads\condvar.c">
      <Filter>Source Files</Filter>
    </ClCompile>
    <ClCompile Include="..\pthreads\create.c">
      <Filter>Source Files</Filter>
    </ClCompile>
    <ClCompile Include="..\pthreads\errno.c">
      <Filter>Source Files</Filter>
    </ClCompile>
    <ClCompile Include="..\pthreads\exit.c">
      <Filter>Source Files</Filter>
    </ClCompile>
    <ClCompile Include="..\pthreads\fork.c">
      <Filter>Source Files</Filter>
    </ClCompile>
    <ClCompile Include="..\pthreads\global.c">
      <Filter>Source Files</Filter>
    </ClCompile>
    <ClCompile Include="..\pthreads\misc.c">
      <Filter>Source Files</Filter>
    </ClCompile>
    <ClCompile Include="..\pthreads\mutex.c">
      <Filter>Source Files</Filter>
    </ClCompile>
    <ClCompile Include="..\pthreads\nonportable.c">
      <Filter>Source Files</Filter>
    </ClCompile>
    <ClCompile Include="..\pthreads\private.c">
      <Filter>Source Files</Filter>
    </ClCompile>
    <ClCompile Include="..\pthreads\rwlock.c">
      <Filter>Source Files</Filter>
    </ClCompile>
    <ClCompile Include="..\pthreads\sched.c">
      <Filter>Source Files</Filter>
    </ClCompile>
    <ClCompile Include="..\pthreads\semaphore.c">
      <Filter>Source Files</Filter>
    </ClCompile>
    <ClCompile Include="..\pthreads\signal.c">
      <Filter>Source Files</Filter>
    </ClCompile>
    <ClCompile Include="..\pthreads\spin.c">
      <Filter>Source Files</Filter>
    </ClCompile>
    <ClCompile Include="..\pthreads\sync.c">
      <Filter>Source Files</Filter>
    </ClCompile>
    <ClCompile Include="..\pthreads\tsd.c">
      <Filter>Source Files</Filter>
    </ClCompile>
  </ItemGroup>
  <ItemGroup>
    <ClInclude Include="..\pthreads\config.h">
      <Filter>Header Files</Filter>
    </ClInclude>
    <ClInclude Include="..\pthreads\implement.h">
      <Filter>Header Files</Filter>
    </ClInclude>
    <ClInclude Include="..\pthreads\need_errno.h">
      <Filter>Header Files</Filter>
    </ClInclude>
    <ClInclude Include="..\pthreads\pthread.h">
      <Filter>Header Files</Filter>
    </ClInclude>
    <ClInclude Include="..\pthreads\sched.h">
      <Filter>Header Files</Filter>
    </ClInclude>
    <ClInclude Include="..\pthreads\semaphore.h">
      <Filter>Header Files</Filter>
    </ClInclude>
  </ItemGroup>
  <ItemGroup>
    <None Include="..\pthreads\ANNOUNCE">
      <Filter>Docs</Filter>
    </None>
    <None Include="..\pthreads\BUGS">
      <Filter>Docs</Filter>
    </None>
    <None Include="..\pthreads\CONTRIBUTORS">
      <Filter>Docs</Filter>
    </None>
    <None Include="..\pthreads\COPYING">
      <Filter>Docs</Filter>
    </None>
    <None Include="..\pthreads\FAQ">
      <Filter>Docs</Filter>
    </None>
    <None Include="..\pthreads\MAINTAINERS">
      <Filter>Docs</Filter>
    </None>
    <None Include="..\pthreads\NEWS">
      <Filter>Docs</Filter>
    </None>
  </ItemGroup>
</Project>